
Microsoft Visual Studio Solution File, Format Version 12.00
# Visual Studio Version 17
VisualStudioVersion = 17.5.002.0
MinimumVisualStudioVersion = 10.0.40219.1
Project("{9A19103F-16F7-4668-BE54-9A1E7A4F7556}") = "estruturas-condicionais", "estruturas-condicionais.csproj", "{9316AA31-A256-4F0A-AD5D-C36DE2DFE792}"
EndProject
Global
	GlobalSection(SolutionConfigurationPlatforms) = preSolution
		Debug|Any CPU = Debug|Any CPU
		Release|Any CPU = Release|Any CPU
	EndGlobalSection
	GlobalSection(ProjectConfigurationPlatforms) = postSolution
		{9316AA31-A256-4F0A-AD5D-C36DE2DFE792}.Debug|Any CPU.ActiveCfg = Debug|Any CPU
		{9316AA31-A256-4F0A-AD5D-C36DE2DFE792}.Debug|Any CPU.Build.0 = Debug|Any CPU
		{9316AA31-A256-4F0A-AD5D-C36DE2DFE792}.Release|Any CPU.ActiveCfg = Release|Any CPU
		{9316AA31-A256-4F0A-AD5D-C36DE2DFE792}.Release|Any CPU.Build.0 = Release|Any CPU
	EndGlobalSection
	GlobalSection(SolutionProperties) = preSolution
		HideSolutionNode = FALSE
	EndGlobalSection
	GlobalSection(ExtensibilityGlobals) = postSolution
		SolutionGuid = {B4818F9E-DE3B-4B5C-8453-EC0C4C13F35F}
	EndGlobalSection
EndGlobal
